
Microsoft Visual Studio Solution File, Format Version 12.00
# Visual Studio 14
VisualStudioVersion = 14.0.25420.1
MinimumVisualStudioVersion = 10.0.40219.1
Project("{FAE04EC0-301F-11D3-BF4B-00C04F79EFBC}") = "Lugares", "Lugares\Lugares.csproj", "{93E7A655-37FA-4416-AC20-33C3C5ACDE94}"
EndProject
Project("{FAE04EC0-301F-11D3-BF4B-00C04F79EFBC}") = "Cancela", "..\Cancela\Cancela\Cancela.csproj", "{0A8E9C63-E760-4C5E-B57E-7D5FD22CC4CB}"
	ProjectSection(ProjectDependencies) = postProject
		{93E7A655-37FA-4416-AC20-33C3C5ACDE94} = {93E7A655-37FA-4416-AC20-33C3C5ACDE94}
		{8A287064-3E50-4A74-89E7-84A4E4C5F1C7} = {8A287064-3E50-4A74-89E7-84A4E4C5F1C7}
	EndProjectSection
EndProject
Project("{FAE04EC0-301F-11D3-BF4B-00C04F79EFBC}") = "ClassLibrary", "..\ClassLibrary\ClassLibrary\ClassLibrary.csproj", "{8A287064-3E50-4A74-89E7-84A4E4C5F1C7}"
EndProject
Project("{FAE04EC0-301F-11D3-BF4B-00C04F79EFBC}") = "PortoVisitas", "..\PortoVisitas\PortoVisitas\PortoVisitas.csproj", "{68ED9BC8-4652-4184-9F9C-457DC1871BDA}"
EndProject
Global
	GlobalSection(SolutionConfigurationPlatforms) = preSolution
		Debug|Any CPU = Debug|Any CPU
		Release|Any CPU = Release|Any CPU
	EndGlobalSection
	GlobalSection(ProjectConfigurationPlatforms) = postSolution
		{93E7A655-37FA-4416-AC20-33C3C5ACDE94}.Debug|Any CPU.ActiveCfg = Debug|Any CPU
		{93E7A655-37FA-4416-AC20-33C3C5ACDE94}.Debug|Any CPU.Build.0 = Debug|Any CPU
		{93E7A655-37FA-4416-AC20-33C3C5ACDE94}.Release|Any CPU.ActiveCfg = Release|Any CPU
		{93E7A655-37FA-4416-AC20-33C3C5ACDE94}.Release|Any CPU.Build.0 = Release|Any CPU
		{0A8E9C63-E760-4C5E-B57E-7D5FD22CC4CB}.Debug|Any CPU.ActiveCfg = Debug|Any CPU
		{0A8E9C63-E760-4C5E-B57E-7D5FD22CC4CB}.Debug|Any CPU.Build.0 = Debug|Any CPU
		{0A8E9C63-E760-4C5E-B57E-7D5FD22CC4CB}.Release|Any CPU.ActiveCfg = Release|Any CPU
		{0A8E9C63-E760-4C5E-B57E-7D5FD22CC4CB}.Release|Any CPU.Build.0 = Release|Any CPU
		{8A287064-3E50-4A74-89E7-84A4E4C5F1C7}.Debug|Any CPU.ActiveCfg = Debug|Any CPU
		{8A287064-3E50-4A74-89E7-84A4E4C5F1C7}.Debug|Any CPU.Build.0 = Debug|Any CPU
		{8A287064-3E50-4A74-89E7-84A4E4C5F1C7}.Release|Any CPU.ActiveCfg = Release|Any CPU
		{8A287064-3E50-4A74-89E7-84A4E4C5F1C7}.Release|Any CPU.Build.0 = Release|Any CPU
		{68ED9BC8-4652-4184-9F9C-457DC1871BDA}.Debug|Any CPU.ActiveCfg = Debug|Any CPU
		{68ED9BC8-4652-4184-9F9C-457DC1871BDA}.Debug|Any CPU.Build.0 = Debug|Any CPU
		{68ED9BC8-4652-4184-9F9C-457DC1871BDA}.Release|Any CPU.ActiveCfg = Release|Any CPU
		{68ED9BC8-4652-4184-9F9C-457DC1871BDA}.Release|Any CPU.Build.0 = Release|Any CPU
	EndGlobalSection
	GlobalSection(SolutionProperties) = preSolution
		HideSolutionNode = FALSE
	EndGlobalSection
EndGlobal
